
Microsoft Visual Studio Solution File, Format Version 12.00
# Visual Studio 14
VisualStudioVersion = 14.0.25123.0
MinimumVisualStudioVersion = 10.0.40219.1
Project("{FAE04EC0-301F-11D3-BF4B-00C04F79EFBC}") = "FileAssistant", "FileAssistant\FileAssistant.csproj", "{616533AE-6820-4089-A306-68EA9173CB69}"
EndProject
Project("{FAE04EC0-301F-11D3-BF4B-00C04F79EFBC}") = "CommonHelp", "CommonHelp\CommonHelp.csproj", "{6F6D0A8A-9DDF-4B60-873B-F6A01ABAC9EA}"
EndProject
Global
	GlobalSection(SolutionConfigurationPlatforms) = preSolution
		Debug|Any CPU = Debug|Any CPU
		Release|Any CPU = Release|Any CPU
	EndGlobalSection
	GlobalSection(ProjectConfigurationPlatforms) = postSolution
		{616533AE-6820-4089-A306-68EA9173CB69}.Debug|Any CPU.ActiveCfg = Debug|Any CPU
		{616533AE-6820-4089-A306-68EA9173CB69}.Debug|Any CPU.Build.0 = Debug|Any CPU
		{616533AE-6820-4089-A306-68EA9173CB69}.Release|Any CPU.ActiveCfg = Release|Any CPU
		{616533AE-6820-4089-A306-68EA9173CB69}.Release|Any CPU.Build.0 = Release|Any CPU
		{6F6D0A8A-9DDF-4B60-873B-F6A01ABAC9EA}.Debug|Any CPU.ActiveCfg = Debug|Any CPU
		{6F6D0A8A-9DDF-4B60-873B-F6A01ABAC9EA}.Debug|Any CPU.Build.0 = Debug|Any CPU
		{6F6D0A8A-9DDF-4B60-873B-F6A01ABAC9EA}.Release|Any CPU.ActiveCfg = Release|Any CPU
		{6F6D0A8A-9DDF-4B60-873B-F6A01ABAC9EA}.Release|Any CPU.Build.0 = Release|Any CPU
	EndGlobalSection
	GlobalSection(SolutionProperties) = preSolution
		HideSolutionNode = FALSE
	EndGlobalSection
EndGlobal
